// !$*UTF8*$!
{
	archiveVersion = 1;
	classes = {
	};
	objectVersion = 50;
	objects = {

/* Begin PBXBuildFile section */
		8302B31123F01B9300B419C5 /* Stopwatch.xcdatamodeld in Sources */ = {isa = PBXBuildFile; fileRef = 8302B30F23F01B9300B419C5 /* Stopwatch.xcdatamodeld */; };
		8302B31723F01EE200B419C5 /* PersistenceManager.swift in Sources */ = {isa = PBXBuildFile; fileRef = 8302B31623F01EE200B419C5 /* PersistenceManager.swift */; };
		8302B32923F0C1ED00B419C5 /* EmptyTableView.swift in Sources */ = {isa = PBXBuildFile; fileRef = 8302B32823F0C1ED00B419C5 /* EmptyTableView.swift */; };
		83302A2823EED17500AAA8CC /* Muli-Bold.ttf in Resources */ = {isa = PBXBuildFile; fileRef = 837A468C23EDF98900BCC6A3 /* Muli-Bold.ttf */; };
		83302A2923EED17700AAA8CC /* Muli-Regular.ttf in Resources */ = {isa = PBXBuildFile; fileRef = 837A468D23EDF98900BCC6A3 /* Muli-Regular.ttf */; };
		83302A2B23EED57600AAA8CC /* emptyTableView.xib in Resources */ = {isa = PBXBuildFile; fileRef = 83302A2A23EED57600AAA8CC /* emptyTableView.xib */; };
		834DA10D23F178DA00CB8D17 /* Stopwatch+CoreDataClass.swift in Sources */ = {isa = PBXBuildFile; fileRef = 834DA10B23F178DA00CB8D17 /* Stopwatch+CoreDataClass.swift */; };
		834DA10E23F178DA00CB8D17 /* Stopwatch+CoreDataProperties.swift in Sources */ = {isa = PBXBuildFile; fileRef = 834DA10C23F178DA00CB8D17 /* Stopwatch+CoreDataProperties.swift */; };
		834DA11023F1B38300CB8D17 /* SoftUIView.swift in Sources */ = {isa = PBXBuildFile; fileRef = 834DA10F23F1B38300CB8D17 /* SoftUIView.swift */; };
		834DA11223F20A2D00CB8D17 /* SoftUIButton.swift in Sources */ = {isa = PBXBuildFile; fileRef = 834DA11123F20A2D00CB8D17 /* SoftUIButton.swift */; };
		837A466B23EDDFED00BCC6A3 /* AppDelegate.swift in Sources */ = {isa = PBXBuildFile; fileRef = 837A466A23EDDFED00BCC6A3 /* AppDelegate.swift */; };
		837A466F23EDDFED00BCC6A3 /* MainViewController.swift in Sources */ = {isa = PBXBuildFile; fileRef = 837A466E23EDDFED00BCC6A3 /* MainViewController.swift */; };
		837A467223EDDFED00BCC6A3 /* Main.storyboard in Resources */ = {isa = PBXBuildFile; fileRef = 837A467023EDDFED00BCC6A3 /* Main.storyboard */; };
		837A467423EDDFF100BCC6A3 /* Assets.xcassets in Resources */ = {isa = PBXBuildFile; fileRef = 837A467323EDDFF100BCC6A3 /* Assets.xcassets */; };
		837A467723EDDFF100BCC6A3 /* LaunchScreen.storyboard in Resources */ = {isa = PBXBuildFile; fileRef = 837A467523EDDFF100BCC6A3 /* LaunchScreen.storyboard */; };
		837A468523EDEFE200BCC6A3 /* Constants.swift in Sources */ = {isa = PBXBuildFile; fileRef = 837A468423EDEFE200BCC6A3 /* Constants.swift */; };
		837A469023EE17A100BCC6A3 /* TimerTableViewCell.swift in Sources */ = {isa = PBXBuildFile; fileRef = 837A468F23EE17A100BCC6A3 /* TimerTableViewCell.swift */; };
/* End PBXBuildFile section */

/* Begin PBXFileReference section */
		8302B31023F01B9300B419C5 /* Stopwatch.xcdatamodel */ = {isa = PBXFileReference; lastKnownFileType = wrapper.xcdatamodel; path = Stopwatch.xcdatamodel; sourceTree = "<group>"; };
		8302B31623F01EE200B419C5 /* PersistenceManager.swift */ = {isa = PBXFileReference; lastKnownFileType = sourcecode.swift; path = PersistenceManager.swift; sourceTree = "<group>"; };
		8302B32823F0C1ED00B419C5 /* EmptyTableView.swift */ = {isa = PBXFileReference; lastKnownFileType = sourcecode.swift; path = EmptyTableView.swift; sourceTree = "<group>"; };
		83302A2A23EED57600AAA8CC /* emptyTableView.xib */ = {isa = PBXFileReference; lastKnownFileType = file.xib; path = emptyTableView.xib; sourceTree = "<group>"; };
		834DA10B23F178DA00CB8D17 /* Stopwatch+CoreDataClass.swift */ = {isa = PBXFileReference; lastKnownFileType = sourcecode.swift; name = "Stopwatch+CoreDataClass.swift"; path = "Timers/Model/Stopwatch+CoreDataClass.swift"; sourceTree = SOURCE_ROOT; };
		834DA10C23F178DA00CB8D17 /* Stopwatch+CoreDataProperties.swift */ = {isa = PBXFileReference; lastKnownFileType = sourcecode.swift; name = "Stopwatch+CoreDataProperties.swift"; path = "Timers/Model/Stopwatch+CoreDataProperties.swift"; sourceTree = SOURCE_ROOT; };
		834DA10F23F1B38300CB8D17 /* SoftUIView.swift */ = {isa = PBXFileReference; lastKnownFileType = sourcecode.swift; path = SoftUIView.swift; sourceTree = "<group>"; };
		834DA11123F20A2D00CB8D17 /* SoftUIButton.swift */ = {isa = PBXFileReference; lastKnownFileType = sourcecode.swift; path = SoftUIButton.swift; sourceTree = "<group>"; };
		837A466723EDDFED00BCC6A3 /* Timers.app */ = {isa = PBXFileReference; explicitFileType = wrapper.application; includeInIndex = 0; path = Timers.app; sourceTree = BUILT_PRODUCTS_DIR; };
		837A466A23EDDFED00BCC6A3 /* AppDelegate.swift */ = {isa = PBXFileReference; lastKnownFileType = sourcecode.swift; path = AppDelegate.swift; sourceTree = "<group>"; };
		837A466E23EDDFED00BCC6A3 /* MainViewController.swift */ = {isa = PBXFileReference; lastKnownFileType = sourcecode.swift; path = MainViewController.swift; sourceTree = "<group>"; };
		837A467123EDDFED00BCC6A3 /* Base */ = {isa = PBXFileReference; lastKnownFileType = file.storyboard; name = Base; path = Base.lproj/Main.storyboard; sourceTree = "<group>"; };
		837A467323EDDFF100BCC6A3 /* Assets.xcassets */ = {isa = PBXFileReference; lastKnownFileType = folder.assetcatalog; path = Assets.xcassets; sourceTree = "<group>"; };
		837A467623EDDFF100BCC6A3 /* Base */ = {isa = PBXFileReference; lastKnownFileType = file.storyboard; name = Base; path = Base.lproj/LaunchScreen.storyboard; sourceTree = "<group>"; };
		837A467823EDDFF100BCC6A3 /* Info.plist */ = {isa = PBXFileReference; lastKnownFileType = text.plist.xml; path = Info.plist; sourceTree = "<group>"; };
		837A468423EDEFE200BCC6A3 /* Constants.swift */ = {isa = PBXFileReference; lastKnownFileType = sourcecode.swift; path = Constants.swift; sourceTree = "<group>"; };
		837A468C23EDF98900BCC6A3 /* Muli-Bold.ttf */ = {isa = PBXFileReference; lastKnownFileType = file; path = "Muli-Bold.ttf"; sourceTree = "<group>"; };
		837A468D23EDF98900BCC6A3 /* Muli-Regular.ttf */ = {isa = PBXFileReference; lastKnownFileType = file; path = "Muli-Regular.ttf"; sourceTree = "<group>"; };
		837A468F23EE17A100BCC6A3 /* TimerTableViewCell.swift */ = {isa = PBXFileReference; lastKnownFileType = sourcecode.swift; path = TimerTableViewCell.swift; sourceTree = "<group>"; };
/* End PBXFileReference section */

/* Begin PBXFrameworksBuildPhase section */
		837A466423EDDFED00BCC6A3 /* Frameworks */ = {
			isa = PBXFrameworksBuildPhase;
			buildActionMask = 2147483647;
			files = (
			);
			runOnlyForDeploymentPostprocessing = 0;
		};
/* End PBXFrameworksBuildPhase section */

/* Begin PBXGroup section */
		837A465E23EDDFED00BCC6A3 = {
			isa = PBXGroup;
			children = (
				837A466923EDDFED00BCC6A3 /* Timers */,
				837A468B23EDF98900BCC6A3 /* Fonts */,
				837A466823EDDFED00BCC6A3 /* Products */,
			);
			sourceTree = "<group>";
		};
		837A466823EDDFED00BCC6A3 /* Products */ = {
			isa = PBXGroup;
			children = (
				837A466723EDDFED00BCC6A3 /* Timers.app */,
			);
			name = Products;
			sourceTree = "<group>";
		};
		837A466923EDDFED00BCC6A3 /* Timers */ = {
			isa = PBXGroup;
			children = (
				837A469123EECE2900BCC6A3 /* Model */,
				837A467F23EDE9FB00BCC6A3 /* Helpers */,
				837A467E23EDE9F500BCC6A3 /* Controllers */,
				837A468E23EDF98C00BCC6A3 /* Views */,
				837A466A23EDDFED00BCC6A3 /* AppDelegate.swift */,
				837A467323EDDFF100BCC6A3 /* Assets.xcassets */,
				837A467823EDDFF100BCC6A3 /* Info.plist */,
			);
			path = Timers;
			sourceTree = "<group>";
		};
		837A467E23EDE9F500BCC6A3 /* Controllers */ = {
			isa = PBXGroup;
			children = (
				837A466E23EDDFED00BCC6A3 /* MainViewController.swift */,
				837A468F23EE17A100BCC6A3 /* TimerTableViewCell.swift */,
			);
			path = Controllers;
			sourceTree = "<group>";
		};
		837A467F23EDE9FB00BCC6A3 /* Helpers */ = {
			isa = PBXGroup;
			children = (
				837A468423EDEFE200BCC6A3 /* Constants.swift */,
				834DA10F23F1B38300CB8D17 /* SoftUIView.swift */,
				834DA11123F20A2D00CB8D17 /* SoftUIButton.swift */,
			);
			path = Helpers;
			sourceTree = "<group>";
		};
		837A468B23EDF98900BCC6A3 /* Fonts */ = {
			isa = PBXGroup;
			children = (
				837A468C23EDF98900BCC6A3 /* Muli-Bold.ttf */,
				837A468D23EDF98900BCC6A3 /* Muli-Regular.ttf */,
			);
			path = Fonts;
			sourceTree = "<group>";
		};
		837A468E23EDF98C00BCC6A3 /* Views */ = {
			isa = PBXGroup;
			children = (
				837A467023EDDFED00BCC6A3 /* Main.storyboard */,
				837A467523EDDFF100BCC6A3 /* LaunchScreen.storyboard */,
				83302A2A23EED57600AAA8CC /* emptyTableView.xib */,
				8302B32823F0C1ED00B419C5 /* EmptyTableView.swift */,
			);
			path = Views;
			sourceTree = "<group>";
		};
		837A469123EECE2900BCC6A3 /* Model */ = {
			isa = PBXGroup;
			children = (
				834DA10B23F178DA00CB8D17 /* Stopwatch+CoreDataClass.swift */,
				834DA10C23F178DA00CB8D17 /* Stopwatch+CoreDataProperties.swift */,
				8302B30F23F01B9300B419C5 /* Stopwatch.xcdatamodeld */,
				8302B31623F01EE200B419C5 /* PersistenceManager.swift */,
			);
			path = Model;
			sourceTree = "<group>";
		};
/* End PBXGroup section */

/* Begin PBXNativeTarget section */
		837A466623EDDFED00BCC6A3 /* Timers */ = {
			isa = PBXNativeTarget;
			buildConfigurationList = 837A467B23EDDFF100BCC6A3 /* Build configuration list for PBXNativeTarget "Timers" */;
			buildPhases = (
				837A466323EDDFED00BCC6A3 /* Sources */,
				837A466423EDDFED00BCC6A3 /* Frameworks */,
				837A466523EDDFED00BCC6A3 /* Resources */,
			);
			buildRules = (
			);
			dependencies = (
			);
			name = Timers;
			productName = Timers;
			productReference = 837A466723EDDFED00BCC6A3 /* Timers.app */;
			productType = "com.apple.product-type.application";
		};
/* End PBXNativeTarget section */

/* Begin PBXProject section */
		837A465F23EDDFED00BCC6A3 /* Project object */ = {
			isa = PBXProject;
			attributes = {
				LastSwiftUpdateCheck = 1130;
				LastUpgradeCheck = 1130;
				ORGANIZATIONNAME = "Danil Kurilo";
				TargetAttributes = {
					837A466623EDDFED00BCC6A3 = {
						CreatedOnToolsVersion = 11.3.1;
					};
				};
			};
			buildConfigurationList = 837A466223EDDFED00BCC6A3 /* Build configuration list for PBXProject "Timers" */;
			compatibilityVersion = "Xcode 9.3";
			developmentRegion = en;
			hasScannedForEncodings = 0;
			knownRegions = (
				en,
				Base,
			);
			mainGroup = 837A465E23EDDFED00BCC6A3;
			productRefGroup = 837A466823EDDFED00BCC6A3 /* Products */;
			projectDirPath = "";
			projectRoot = "";
			targets = (
				837A466623EDDFED00BCC6A3 /* Timers */,
			);
		};
/* End PBXProject section */

/* Begin PBXResourcesBuildPhase section */
		837A466523EDDFED00BCC6A3 /* Resources */ = {
			isa = PBXResourcesBuildPhase;
			buildActionMask = 2147483647;
			files = (
				837A467723EDDFF100BCC6A3 /* LaunchScreen.storyboard in Resources */,
				83302A2B23EED57600AAA8CC /* emptyTableView.xib in Resources */,
				837A467423EDDFF100BCC6A3 /* Assets.xcassets in Resources */,
				83302A2823EED17500AAA8CC /* Muli-Bold.ttf in Resources */,
				83302A2923EED17700AAA8CC /* Muli-Regular.ttf in Resources */,
				837A467223EDDFED00BCC6A3 /* Main.storyboard in Resources */,
			);
			runOnlyForDeploymentPostprocessing = 0;
		};
/* End PBXResourcesBuildPhase section */

/* Begin PBXSourcesBuildPhase section */
		837A466323EDDFED00BCC6A3 /* Sources */ = {
			isa = PBXSourcesBuildPhase;
			buildActionMask = 2147483647;
			files = (
				8302B32923F0C1ED00B419C5 /* EmptyTableView.swift in Sources */,
				837A468523EDEFE200BCC6A3 /* Constants.swift in Sources */,
				8302B31723F01EE200B419C5 /* PersistenceManager.swift in Sources */,
				837A466F23EDDFED00BCC6A3 /* MainViewController.swift in Sources */,
				834DA11023F1B38300CB8D17 /* SoftUIView.swift in Sources */,
				8302B31123F01B9300B419C5 /* Stopwatch.xcdatamodeld in Sources */,
				834DA10D23F178DA00CB8D17 /* Stopwatch+CoreDataClass.swift in Sources */,
				837A466B23EDDFED00BCC6A3 /* AppDelegate.swift in Sources */,
				834DA10E23F178DA00CB8D17 /* Stopwatch+CoreDataProperties.swift in Sources */,
				837A469023EE17A100BCC6A3 /* TimerTableViewCell.swift in Sources */,
				834DA11223F20A2D00CB8D17 /* SoftUIButton.swift in Sources */,
			);
			runOnlyForDeploymentPostprocessing = 0;
		};
/* End PBXSourcesBuildPhase section */

/* Begin PBXVariantGroup section */
		837A467023EDDFED00BCC6A3 /* Main.storyboard */ = {
			isa = PBXVariantGroup;
			children = (
				837A467123EDDFED00BCC6A3 /* Base */,
			);
			name = Main.storyboard;
			sourceTree = "<group>";
		};
		837A467523EDDFF100BCC6A3 /* LaunchScreen.storyboard */ = {
			isa = PBXVariantGroup;
			children = (
				837A467623EDDFF100BCC6A3 /* Base */,
			);
			name = LaunchScreen.storyboard;
			sourceTree = "<group>";
		};
/* End PBXVariantGroup section */

/* Begin XCBuildConfiguration section */
		837A467923EDDFF100BCC6A3 /* Debug */ = {
			isa = XCBuildConfiguration;
			buildSettings = {
				ALWAYS_SEARCH_USER_PATHS = NO;
				CLANG_ANALYZER_NONNULL = YES;
				CLANG_ANALYZER_NUMBER_OBJECT_CONVERSION = YES_AGGRESSIVE;
				CLANG_CXX_LANGUAGE_STANDARD = "gnu++14";
				CLANG_CXX_LIBRARY = "libc++";
				CLANG_ENABLE_MODULES = YES;
				CLANG_ENABLE_OBJC_ARC = YES;
				CLANG_ENABLE_OBJC_WEAK = YES;
				CLANG_WARN_BLOCK_CAPTURE_AUTORELEASING = YES;
				CLANG_WARN_BOOL_CONVERSION = YES;
				CLANG_WARN_COMMA = YES;
				CLANG_WARN_CONSTANT_CONVERSION = YES;
				CLANG_WARN_DEPRECATED_OBJC_IMPLEMENTATIONS = YES;
				CLANG_WARN_DIRECT_OBJC_ISA_USAGE = YES_ERROR;
				CLANG_WARN_DOCUMENTATION_COMMENTS = YES;
				CLANG_WARN_EMPTY_BODY = YES;
				CLANG_WARN_ENUM_CONVERSION = YES;
				CLANG_WARN_INFINITE_RECURSION = YES;
				CLANG_WARN_INT_CONVERSION = YES;
				CLANG_WARN_NON_LITERAL_NULL_CONVERSION = YES;
				CLANG_WARN_OBJC_IMPLICIT_RETAIN_SELF = YES;
				CLANG_WARN_OBJC_LITERAL_CONVERSION = YES;
				CLANG_WARN_OBJC_ROOT_CLASS = YES_ERROR;
				CLANG_WARN_RANGE_LOOP_ANALYSIS = YES;
				CLANG_WARN_STRICT_PROTOTYPES = YES;
				CLANG_WARN_SUSPICIOUS_MOVE = YES;
				CLANG_WARN_UNGUARDED_AVAILABILITY = YES_AGGRESSIVE;
				CLANG_WARN_UNREACHABLE_CODE = YES;
				CLANG_WARN__DUPLICATE_METHOD_MATCH = YES;
				COPY_PHASE_STRIP = NO;
				DEBUG_INFORMATION_FORMAT = dwarf;
				ENABLE_STRICT_OBJC_MSGSEND = YES;
				ENABLE_TESTABILITY = YES;
				GCC_C_LANGUAGE_STANDARD = gnu11;
				GCC_DYNAMIC_NO_PIC = NO;
				GCC_NO_COMMON_BLOCKS = YES;
				GCC_OPTIMIZATION_LEVEL = 0;
				GCC_PREPROCESSOR_DEFINITIONS = (
					"DEBUG=1",
					"$(inherited)",
				);
				GCC_WARN_64_TO_32_BIT_CONVERSION = YES;
				GCC_WARN_ABOUT_RETURN_TYPE = YES_ERROR;
				GCC_WARN_UNDECLARED_SELECTOR = YES;
				GCC_WARN_UNINITIALIZED_AUTOS = YES_AGGRESSIVE;
				GCC_WARN_UNUSED_FUNCTION = YES;
				GCC_WARN_UNUSED_VARIABLE = YES;
				IPHONEOS_DEPLOYMENT_TARGET = 13.2;
				MTL_ENABLE_DEBUG_INFO = INCLUDE_SOURCE;
				MTL_FAST_MATH = YES;
				ONLY_ACTIVE_ARCH = YES;
				SDKROOT = iphoneos;
				SWIFT_ACTIVE_COMPILATION_CONDITIONS = DEBUG;
				SWIFT_OPTIMIZATION_LEVEL = "-Onone";
			};
			name = Debug;
		};
		837A467A23EDDFF100BCC6A3 /* Release */ = {
			isa = XCBuildConfiguration;
			buildSettings = {
				ALWAYS_SEARCH_USER_PATHS = NO;
				CLANG_ANALYZER_NONNULL = YES;
				CLANG_ANALYZER_NUMBER_OBJECT_CONVERSION = YES_AGGRESSIVE;
				CLANG_CXX_LANGUAGE_STANDARD = "gnu++14";
				CLANG_CXX_LIBRARY = "libc++";
				CLANG_ENABLE_MODULES = YES;
				CLANG_ENABLE_OBJC_ARC = YES;
				CLANG_ENABLE_OBJC_WEAK = YES;
				CLANG_WARN_BLOCK_CAPTURE_AUTORELEASING = YES;
				CLANG_WARN_BOOL_CONVERSION = YES;
				CLANG_WARN_COMMA = YES;
				CLANG_WARN_CONSTANT_CONVERSION = YES;
				CLANG_WARN_DEPRECATED_OBJC_IMPLEMENTATIONS = YES;
				CLANG_WARN_DIRECT_OBJC_ISA_USAGE = YES_ERROR;
				CLANG_WARN_DOCUMENTATION_COMMENTS = YES;
				CLANG_WARN_EMPTY_BODY = YES;
				CLANG_WARN_ENUM_CONVERSION = YES;
				CLANG_WARN_INFINITE_RECURSION = YES;
				CLANG_WARN_INT_CONVERSION = YES;
				CLANG_WARN_NON_LITERAL_NULL_CONVERSION = YES;
				CLANG_WARN_OBJC_IMPLICIT_RETAIN_SELF = YES;
				CLANG_WARN_OBJC_LITERAL_CONVERSION = YES;
				CLANG_WARN_OBJC_ROOT_CLASS = YES_ERROR;
				CLANG_WARN_RANGE_LOOP_ANALYSIS = YES;
				CLANG_WARN_STRICT_PROTOTYPES = YES;
				CLANG_WARN_SUSPICIOUS_MOVE = YES;
				CLANG_WARN_UNGUARDED_AVAILABILITY = YES_AGGRESSIVE;
				CLANG_WARN_UNREACHABLE_CODE = YES;
				CLANG_WARN__DUPLICATE_METHOD_MATCH = YES;
				COPY_PHASE_STRIP = NO;
				DEBUG_INFORMATION_FORMAT = "dwarf-with-dsym";
				ENABLE_NS_ASSERTIONS = NO;
				ENABLE_STRICT_OBJC_MSGSEND = YES;
				GCC_C_LANGUAGE_STANDARD = gnu11;
				GCC_NO_COMMON_BLOCKS = YES;
				GCC_WARN_64_TO_32_BIT_CONVERSION = YES;
				GCC_WARN_ABOUT_RETURN_TYPE = YES_ERROR;
				GCC_WARN_UNDECLARED_SELECTOR = YES;
				GCC_WARN_UNINITIALIZED_AUTOS = YES_AGGRESSIVE;
				GCC_WARN_UNUSED_FUNCTION = YES;
				GCC_WARN_UNUSED_VARIABLE = YES;
				IPHONEOS_DEPLOYMENT_TARGET = 13.2;
				MTL_ENABLE_DEBUG_INFO = NO;
				MTL_FAST_MATH = YES;
				SDKROOT = iphoneos;
				SWIFT_COMPILATION_MODE = wholemodule;
				SWIFT_OPTIMIZATION_LEVEL = "-O";
				VALIDATE_PRODUCT = YES;
			};
			name = Release;
		};
		837A467C23EDDFF100BCC6A3 /* Debug */ = {
			isa = XCBuildConfiguration;
			buildSettings = {
				ASSETCATALOG_COMPILER_APPICON_NAME = AppIcon;
				CODE_SIGN_STYLE = Automatic;
				DEVELOPMENT_TEAM = 4QF3988KG3;
				INFOPLIST_FILE = Timers/Info.plist;
				IPHONEOS_DEPLOYMENT_TARGET = 10.0;
				LD_RUNPATH_SEARCH_PATHS = (
					"$(inherited)",
					"@executable_path/Frameworks",
				);
				PRODUCT_BUNDLE_IDENTIFIER = dkurylo.Timers;
				PRODUCT_NAME = "$(TARGET_NAME)";
				SWIFT_VERSION = 5.0;
				TARGETED_DEVICE_FAMILY = "1,2";
			};
			name = Debug;
		};
		837A467D23EDDFF100BCC6A3 /* Release */ = {
			isa = XCBuildConfiguration;
			buildSettings = {
				ASSETCATALOG_COMPILER_APPICON_NAME = AppIcon;
				CODE_SIGN_STYLE = Automatic;
				DEVELOPMENT_TEAM = 4QF3988KG3;
				INFOPLIST_FILE = Timers/Info.plist;
				IPHONEOS_DEPLOYMENT_TARGET = 10.0;
				LD_RUNPATH_SEARCH_PATHS = (
					"$(inherited)",
					"@executable_path/Frameworks",
				);
				PRODUCT_BUNDLE_IDENTIFIER = dkurylo.Timers;
				PRODUCT_NAME = "$(TARGET_NAME)";
				SWIFT_VERSION = 5.0;
				TARGETED_DEVICE_FAMILY = "1,2";
			};
			name = Release;
		};
/* End XCBuildConfiguration section */

/* Begin XCConfigurationList section */
		837A466223EDDFED00BCC6A3 /* Build configuration list for PBXProject "Timers" */ = {
			isa = XCConfigurationList;
			buildConfigurations = (
				837A467923EDDFF100BCC6A3 /* Debug */,
				837A467A23EDDFF100BCC6A3 /* Release */,
			);
			defaultConfigurationIsVisible = 0;
			defaultConfigurationName = Release;
		};
		837A467B23EDDFF100BCC6A3 /* Build configuration list for PBXNativeTarget "Timers" */ = {
			isa = XCConfigurationList;
			buildConfigurations = (
				837A467C23EDDFF100BCC6A3 /* Debug */,
				837A467D23EDDFF100BCC6A3 /* Release */,
			);
			defaultConfigurationIsVisible = 0;
			defaultConfigurationName = Release;
		};
/* End XCConfigurationList section */

/* Begin XCVersionGroup section */
		8302B30F23F01B9300B419C5 /* Stopwatch.xcdatamodeld */ = {
			isa = XCVersionGroup;
			children = (
				8302B31023F01B9300B419C5 /* Stopwatch.xcdatamodel */,
			);
			currentVersion = 8302B31023F01B9300B419C5 /* Stopwatch.xcdatamodel */;
			path = Stopwatch.xcdatamodeld;
			sourceTree = "<group>";
			versionGroupType = wrapper.xcdatamodel;
		};
/* End XCVersionGroup section */
	};
	rootObject = 837A465F23EDDFED00BCC6A3 /* Project object */;
}
